<?xml version="1.0" encoding="utf-8"?>
<Project ToolsVersion="4.0" xmlns="http://schemas.microsoft.com/developer/msbuild/2003">
  <ItemGroup>
    <Filter Include="소스 파일">
      <UniqueIdentifier>{4FC737F1-C7A5-4376-A066-2A32D752A2FF}</UniqueIdentifier>
      <Extensions>cpp;c;cc;cxx;c++;cppm;ixx;def;odl;idl;hpj;bat;asm;asmx</Extensions>
    </Filter>
    <Filter Include="헤더 파일">
      <UniqueIdentifier>{93995380-89BD-4b04-88EB-625FBE52EBFB}</UniqueIdentifier>
      <Extensions>h;hh;hpp;hxx;h++;hm;inl;inc;ipp;xsd</Extensions>
    </Filter>
    <Filter Include="리소스 파일">
      <UniqueIdentifier>{67DA6AB6-F800-4c08-8B7A-83BB121AAD01}</UniqueIdentifier>
      <Extensions>rc;ico;cur;bmp;dlg;rc2;rct;bin;rgs;gif;jpg;jpeg;jpe;resx;tiff;tif;png;wav;mfcribbon-ms</Extensions>
    </Filter>
  </ItemGroup>
  <ItemGroup>
    <ClCompile Include="inputNode.c">
      <Filter>소스 파일</Filter>
    </ClCompile>
    <ClCompile Include="inputNode2.c">
      <Filter>소스 파일</Filter>
    </ClCompile>
    <ClCompile Include="단방향 연결리스트.c">
      <Filter>소스 파일</Filter>
    </ClCompile>
    <ClCompile Include="대현씨가 만든 거 전위 후위 코드_도저히 이해할 수 없어서 만든 거 보고 이해.c">
      <Filter>소스 파일</Filter>
    </ClCompile>
    <ClCompile Include="단계별 문제 풀어보기.c">
      <Filter>소스 파일</Filter>
    </ClCompile>
    <ClCompile Include="전위 후위삽입 책.c">
      <Filter>소스 파일</Filter>
    </ClCompile>
    <ClCompile Include="backjun.c">
      <Filter>소스 파일</Filter>
    </ClCompile>
    <ClCompile Include="따라쓰는 연결 자료구조.c">
      <Filter>소스 파일</Filter>
    </ClCompile>
    <ClCompile Include="동우씨가 만든 단방향 연결 리스트.c">
      <Filter>소스 파일</Filter>
    </ClCompile>
    <ClCompile Include="따라쓰는 자료구조_동우씨.c">
      <Filter>소스 파일</Filter>
    </ClCompile>
    <ClCompile Include="대현씨가 만드 소스 코드 따라해보기.c">
      <Filter>소스 파일</Filter>
    </ClCompile>
    <ClCompile Include="백준.c">
      <Filter>소스 파일</Filter>
    </ClCompile>
  </ItemGroup>
</Project>